// !$*UTF8*$!
{
	archiveVersion = 1;
	classes = {
	};
	objectVersion = 46;
	objects = {

/* Begin PBXBuildFile section */
		1AD963E9199BF5CB0077A056 /* Foundation.framework in Frameworks */ = {isa = PBXBuildFile; fileRef = 1AD963E8199BF5CB0077A056 /* Foundation.framework */; };
		1AD963EB199BF5CB0077A056 /* CoreGraphics.framework in Frameworks */ = {isa = PBXBuildFile; fileRef = 1AD963EA199BF5CB0077A056 /* CoreGraphics.framework */; };
		1AD963ED199BF5CB0077A056 /* UIKit.framework in Frameworks */ = {isa = PBXBuildFile; fileRef = 1AD963EC199BF5CB0077A056 /* UIKit.framework */; };
		1AD963F3199BF5CB0077A056 /* InfoPlist.strings in Resources */ = {isa = PBXBuildFile; fileRef = 1AD963F1199BF5CB0077A056 /* InfoPlist.strings */; };
		1AD963F5199BF5CB0077A056 /* main.m in Sources */ = {isa = PBXBuildFile; fileRef = 1AD963F4199BF5CB0077A056 /* main.m */; };
		1AD963F9199BF5CB0077A056 /* PKAppDelegate.m in Sources */ = {isa = PBXBuildFile; fileRef = 1AD963F8199BF5CB0077A056 /* PKAppDelegate.m */; };
		1AD963FC199BF5CB0077A056 /* Main.storyboard in Resources */ = {isa = PBXBuildFile; fileRef = 1AD963FA199BF5CB0077A056 /* Main.storyboard */; };
		1AD963FF199BF5CB0077A056 /* PKMasterViewController.m in Sources */ = {isa = PBXBuildFile; fileRef = 1AD963FE199BF5CB0077A056 /* PKMasterViewController.m */; };
		1AD96402199BF5CB0077A056 /* PKDetailViewController.m in Sources */ = {isa = PBXBuildFile; fileRef = 1AD96401199BF5CB0077A056 /* PKDetailViewController.m */; };
		1AD96404199BF5CB0077A056 /* Images.xcassets in Resources */ = {isa = PBXBuildFile; fileRef = 1AD96403199BF5CB0077A056 /* Images.xcassets */; };
		1AD9640B199BF5CB0077A056 /* XCTest.framework in Frameworks */ = {isa = PBXBuildFile; fileRef = 1AD9640A199BF5CB0077A056 /* XCTest.framework */; };
		1AD9640C199BF5CB0077A056 /* Foundation.framework in Frameworks */ = {isa = PBXBuildFile; fileRef = 1AD963E8199BF5CB0077A056 /* Foundation.framework */; };
		1AD9640D199BF5CB0077A056 /* UIKit.framework in Frameworks */ = {isa = PBXBuildFile; fileRef = 1AD963EC199BF5CB0077A056 /* UIKit.framework */; };
		1AD96415199BF5CB0077A056 /* InfoPlist.strings in Resources */ = {isa = PBXBuildFile; fileRef = 1AD96413199BF5CB0077A056 /* InfoPlist.strings */; };
		1AD96417199BF5CB0077A056 /* PeekMentionsTests.m in Sources */ = {isa = PBXBuildFile; fileRef = 1AD96416199BF5CB0077A056 /* PeekMentionsTests.m */; };
		1AD96421199BFB560077A056 /* Social.framework in Frameworks */ = {isa = PBXBuildFile; fileRef = 1AD96420199BFB560077A056 /* Social.framework */; };
		1AD96424199BFCB50077A056 /* PKConstants.m in Sources */ = {isa = PBXBuildFile; fileRef = 1AD96423199BFCB50077A056 /* PKConstants.m */; };
/* End PBXBuildFile section */

/* Begin PBXContainerItemProxy section */
		1AD9640E199BF5CB0077A056 /* PBXContainerItemProxy */ = {
			isa = PBXContainerItemProxy;
			containerPortal = 1AD963DD199BF5CB0077A056 /* Project object */;
			proxyType = 1;
			remoteGlobalIDString = 1AD963E4199BF5CB0077A056;
			remoteInfo = PeekMentions;
		};
/* End PBXContainerItemProxy section */

/* Begin PBXFileReference section */
		1AD963E5199BF5CB0077A056 /* PeekMentions.app */ = {isa = PBXFileReference; explicitFileType = wrapper.application; includeInIndex = 0; path = PeekMentions.app; sourceTree = BUILT_PRODUCTS_DIR; };
		1AD963E8199BF5CB0077A056 /* Foundation.framework */ = {isa = PBXFileReference; lastKnownFileType = wrapper.framework; name = Foundation.framework; path = System/Library/Frameworks/Foundation.framework; sourceTree = SDKROOT; };
		1AD963EA199BF5CB0077A056 /* CoreGraphics.framework */ = {isa = PBXFileReference; lastKnownFileType = wrapper.framework; name = CoreGraphics.framework; path = System/Library/Frameworks/CoreGraphics.framework; sourceTree = SDKROOT; };
		1AD963EC199BF5CB0077A056 /* UIKit.framework */ = {isa = PBXFileReference; lastKnownFileType = wrapper.framework; name = UIKit.framework; path = System/Library/Frameworks/UIKit.framework; sourceTree = SDKROOT; };
		1AD963F0199BF5CB0077A056 /* PeekMentions-Info.plist */ = {isa = PBXFileReference; lastKnownFileType = text.plist.xml; path = "PeekMentions-Info.plist"; sourceTree = "<group>"; };
		1AD963F2199BF5CB0077A056 /* en */ = {isa = PBXFileReference; lastKnownFileType = text.plist.strings; name = en; path = en.lproj/InfoPlist.strings; sourceTree = "<group>"; };
		1AD963F4199BF5CB0077A056 /* main.m */ = {isa = PBXFileReference; lastKnownFileType = sourcecode.c.objc; path = main.m; sourceTree = "<group>"; };
		1AD963F6199BF5CB0077A056 /* PeekMentions-Prefix.pch */ = {isa = PBXFileReference; lastKnownFileType = sourcecode.c.h; path = "PeekMentions-Prefix.pch"; sourceTree = "<group>"; };
		1AD963F7199BF5CB0077A056 /* PKAppDelegate.h */ = {isa = PBXFileReference; lastKnownFileType = sourcecode.c.h; path = PKAppDelegate.h; sourceTree = "<group>"; };
		1AD963F8199BF5CB0077A056 /* PKAppDelegate.m */ = {isa = PBXFileReference; lastKnownFileType = sourcecode.c.objc; path = PKAppDelegate.m; sourceTree = "<group>"; };
		1AD963FB199BF5CB0077A056 /* Base */ = {isa = PBXFileReference; lastKnownFileType = file.storyboard; name = Base; path = Base.lproj/Main.storyboard; sourceTree = "<group>"; };
		1AD963FD199BF5CB0077A056 /* PKMasterViewController.h */ = {isa = PBXFileReference; lastKnownFileType = sourcecode.c.h; path = PKMasterViewController.h; sourceTree = "<group>"; };
		1AD963FE199BF5CB0077A056 /* PKMasterViewController.m */ = {isa = PBXFileReference; lastKnownFileType = sourcecode.c.objc; path = PKMasterViewController.m; sourceTree = "<group>"; };
		1AD96400199BF5CB0077A056 /* PKDetailViewController.h */ = {isa = PBXFileReference; lastKnownFileType = sourcecode.c.h; path = PKDetailViewController.h; sourceTree = "<group>"; };
		1AD96401199BF5CB0077A056 /* PKDetailViewController.m */ = {isa = PBXFileReference; lastKnownFileType = sourcecode.c.objc; path = PKDetailViewController.m; sourceTree = "<group>"; };
		1AD96403199BF5CB0077A056 /* Images.xcassets */ = {isa = PBXFileReference; lastKnownFileType = folder.assetcatalog; path = Images.xcassets; sourceTree = "<group>"; };
		1AD96409199BF5CB0077A056 /* PeekMentionsTests.xctest */ = {isa = PBXFileReference; explicitFileType = wrapper.cfbundle; includeInIndex = 0; path = PeekMentionsTests.xctest; sourceTree = BUILT_PRODUCTS_DIR; };
		1AD9640A199BF5CB0077A056 /* XCTest.framework */ = {isa = PBXFileReference; lastKnownFileType = wrapper.framework; name = XCTest.framework; path = Library/Frameworks/XCTest.framework; sourceTree = DEVELOPER_DIR; };
		1AD96412199BF5CB0077A056 /* PeekMentionsTests-Info.plist */ = {isa = PBXFileReference; lastKnownFileType = text.plist.xml; path = "PeekMentionsTests-Info.plist"; sourceTree = "<group>"; };
		1AD96414199BF5CB0077A056 /* en */ = {isa = PBXFileReference; lastKnownFileType = text.plist.strings; name = en; path = en.lproj/InfoPlist.strings; sourceTree = "<group>"; };
		1AD96416199BF5CB0077A056 /* PeekMentionsTests.m */ = {isa = PBXFileReference; lastKnownFileType = sourcecode.c.objc; path = PeekMentionsTests.m; sourceTree = "<group>"; };
		1AD96420199BFB560077A056 /* Social.framework */ = {isa = PBXFileReference; lastKnownFileType = wrapper.framework; name = Social.framework; path = System/Library/Frameworks/Social.framework; sourceTree = SDKROOT; };
		1AD96422199BFCB50077A056 /* PKConstants.h */ = {isa = PBXFileReference; fileEncoding = 4; lastKnownFileType = sourcecode.c.h; path = PKConstants.h; sourceTree = "<group>"; };
		1AD96423199BFCB50077A056 /* PKConstants.m */ = {isa = PBXFileReference; fileEncoding = 4; lastKnownFileType = sourcecode.c.objc; path = PKConstants.m; sourceTree = "<group>"; };
/* End PBXFileReference section */

/* Begin PBXFrameworksBuildPhase section */
		1AD963E2199BF5CB0077A056 /* Frameworks */ = {
			isa = PBXFrameworksBuildPhase;
			buildActionMask = 2147483647;
			files = (
				1AD96421199BFB560077A056 /* Social.framework in Frameworks */,
				1AD963EB199BF5CB0077A056 /* CoreGraphics.framework in Frameworks */,
				1AD963ED199BF5CB0077A056 /* UIKit.framework in Frameworks */,
				1AD963E9199BF5CB0077A056 /* Foundation.framework in Frameworks */,
			);
			runOnlyForDeploymentPostprocessing = 0;
		};
		1AD96406199BF5CB0077A056 /* Frameworks */ = {
			isa = PBXFrameworksBuildPhase;
			buildActionMask = 2147483647;
			files = (
				1AD9640B199BF5CB0077A056 /* XCTest.framework in Frameworks */,
				1AD9640D199BF5CB0077A056 /* UIKit.framework in Frameworks */,
				1AD9640C199BF5CB0077A056 /* Foundation.framework in Frameworks */,
			);
			runOnlyForDeploymentPostprocessing = 0;
		};
/* End PBXFrameworksBuildPhase section */

/* Begin PBXGroup section */
		1AD963DC199BF5CB0077A056 = {
			isa = PBXGroup;
			children = (
				1AD963EE199BF5CB0077A056 /* PeekMentions */,
				1AD96410199BF5CB0077A056 /* PeekMentionsTests */,
				1AD963E7199BF5CB0077A056 /* Frameworks */,
				1AD963E6199BF5CB0077A056 /* Products */,
			);
			sourceTree = "<group>";
		};
		1AD963E6199BF5CB0077A056 /* Products */ = {
			isa = PBXGroup;
			children = (
				1AD963E5199BF5CB0077A056 /* PeekMentions.app */,
				1AD96409199BF5CB0077A056 /* PeekMentionsTests.xctest */,
			);
			name = Products;
			sourceTree = "<group>";
		};
		1AD963E7199BF5CB0077A056 /* Frameworks */ = {
			isa = PBXGroup;
			children = (
				1AD96420199BFB560077A056 /* Social.framework */,
				1AD963E8199BF5CB0077A056 /* Foundation.framework */,
				1AD963EA199BF5CB0077A056 /* CoreGraphics.framework */,
				1AD963EC199BF5CB0077A056 /* UIKit.framework */,
				1AD9640A199BF5CB0077A056 /* XCTest.framework */,
			);
			name = Frameworks;
			sourceTree = "<group>";
		};
		1AD963EE199BF5CB0077A056 /* PeekMentions */ = {
			isa = PBXGroup;
			children = (
				1AD963F7199BF5CB0077A056 /* PKAppDelegate.h */,
				1AD963F8199BF5CB0077A056 /* PKAppDelegate.m */,
				1AD963FA199BF5CB0077A056 /* Main.storyboard */,
				1AD963FD199BF5CB0077A056 /* PKMasterViewController.h */,
				1AD963FE199BF5CB0077A056 /* PKMasterViewController.m */,
				1AD96400199BF5CB0077A056 /* PKDetailViewController.h */,
				1AD96401199BF5CB0077A056 /* PKDetailViewController.m */,
				1AD96422199BFCB50077A056 /* PKConstants.h */,
				1AD96423199BFCB50077A056 /* PKConstants.m */,
				1AD96403199BF5CB0077A056 /* Images.xcassets */,
				1AD963EF199BF5CB0077A056 /* Supporting Files */,
			);
			path = PeekMentions;
			sourceTree = "<group>";
		};
		1AD963EF199BF5CB0077A056 /* Supporting Files */ = {
			isa = PBXGroup;
			children = (
				1AD963F0199BF5CB0077A056 /* PeekMentions-Info.plist */,
				1AD963F1199BF5CB0077A056 /* InfoPlist.strings */,
				1AD963F4199BF5CB0077A056 /* main.m */,
				1AD963F6199BF5CB0077A056 /* PeekMentions-Prefix.pch */,
			);
			name = "Supporting Files";
			sourceTree = "<group>";
		};
		1AD96410199BF5CB0077A056 /* PeekMentionsTests */ = {
			isa = PBXGroup;
			children = (
				1AD96416199BF5CB0077A056 /* PeekMentionsTests.m */,
				1AD96411199BF5CB0077A056 /* Supporting Files */,
			);
			path = PeekMentionsTests;
			sourceTree = "<group>";
		};
		1AD96411199BF5CB0077A056 /* Supporting Files */ = {
			isa = PBXGroup;
			children = (
				1AD96412199BF5CB0077A056 /* PeekMentionsTests-Info.plist */,
				1AD96413199BF5CB0077A056 /* InfoPlist.strings */,
			);
			name = "Supporting Files";
			sourceTree = "<group>";
		};
/* End PBXGroup section */

/* Begin PBXNativeTarget section */
		1AD963E4199BF5CB0077A056 /* PeekMentions */ = {
			isa = PBXNativeTarget;
			buildConfigurationList = 1AD9641A199BF5CB0077A056 /* Build configuration list for PBXNativeTarget "PeekMentions" */;
			buildPhases = (
				1AD963E1199BF5CB0077A056 /* Sources */,
				1AD963E2199BF5CB0077A056 /* Frameworks */,
				1AD963E3199BF5CB0077A056 /* Resources */,
			);
			buildRules = (
			);
			dependencies = (
			);
			name = PeekMentions;
			productName = PeekMentions;
			productReference = 1AD963E5199BF5CB0077A056 /* PeekMentions.app */;
			productType = "com.apple.product-type.application";
		};
		1AD96408199BF5CB0077A056 /* PeekMentionsTests */ = {
			isa = PBXNativeTarget;
			buildConfigurationList = 1AD9641D199BF5CB0077A056 /* Build configuration list for PBXNativeTarget "PeekMentionsTests" */;
			buildPhases = (
				1AD96405199BF5CB0077A056 /* Sources */,
				1AD96406199BF5CB0077A056 /* Frameworks */,
				1AD96407199BF5CB0077A056 /* Resources */,
			);
			buildRules = (
			);
			dependencies = (
				1AD9640F199BF5CB0077A056 /* PBXTargetDependency */,
			);
			name = PeekMentionsTests;
			productName = PeekMentionsTests;
			productReference = 1AD96409199BF5CB0077A056 /* PeekMentionsTests.xctest */;
			productType = "com.apple.product-type.bundle.unit-test";
		};
/* End PBXNativeTarget section */

/* Begin PBXProject section */
		1AD963DD199BF5CB0077A056 /* Project object */ = {
			isa = PBXProject;
			attributes = {
				CLASSPREFIX = PK;
				LastUpgradeCheck = 0510;
				ORGANIZATIONNAME = "Everything is Gray";
				TargetAttributes = {
					1AD96408199BF5CB0077A056 = {
						TestTargetID = 1AD963E4199BF5CB0077A056;
					};
				};
			};
			buildConfigurationList = 1AD963E0199BF5CB0077A056 /* Build configuration list for PBXProject "PeekMentions" */;
			compatibilityVersion = "Xcode 3.2";
			developmentRegion = English;
			hasScannedForEncodings = 0;
			knownRegions = (
				en,
				Base,
			);
			mainGroup = 1AD963DC199BF5CB0077A056;
			productRefGroup = 1AD963E6199BF5CB0077A056 /* Products */;
			projectDirPath = "";
			projectRoot = "";
			targets = (
				1AD963E4199BF5CB0077A056 /* PeekMentions */,
				1AD96408199BF5CB0077A056 /* PeekMentionsTests */,
			);
		};
/* End PBXProject section */

/* Begin PBXResourcesBuildPhase section */
		1AD963E3199BF5CB0077A056 /* Resources */ = {
			isa = PBXResourcesBuildPhase;
			buildActionMask = 2147483647;
			files = (
				1AD96404199BF5CB0077A056 /* Images.xcassets in Resources */,
				1AD963F3199BF5CB0077A056 /* InfoPlist.strings in Resources */,
				1AD963FC199BF5CB0077A056 /* Main.storyboard in Resources */,
			);
			runOnlyForDeploymentPostprocessing = 0;
		};
		1AD96407199BF5CB0077A056 /* Resources */ = {
			isa = PBXResourcesBuildPhase;
			buildActionMask = 2147483647;
			files = (
				1AD96415199BF5CB0077A056 /* InfoPlist.strings in Resources */,
			);
			runOnlyForDeploymentPostprocessing = 0;
		};
/* End PBXResourcesBuildPhase section */

/* Begin PBXSourcesBuildPhase section */
		1AD963E1199BF5CB0077A056 /* Sources */ = {
			isa = PBXSourcesBuildPhase;
			buildActionMask = 2147483647;
			files = (
				1AD96424199BFCB50077A056 /* PKConstants.m in Sources */,
				1AD96402199BF5CB0077A056 /* PKDetailViewController.m in Sources */,
				1AD963F5199BF5CB0077A056 /* main.m in Sources */,
				1AD963FF199BF5CB0077A056 /* PKMasterViewController.m in Sources */,
				1AD963F9199BF5CB0077A056 /* PKAppDelegate.m in Sources */,
			);
			runOnlyForDeploymentPostprocessing = 0;
		};
		1AD96405199BF5CB0077A056 /* Sources */ = {
			isa = PBXSourcesBuildPhase;
			buildActionMask = 2147483647;
			files = (
				1AD96417199BF5CB0077A056 /* PeekMentionsTests.m in Sources */,
			);
			runOnlyForDeploymentPostprocessing = 0;
		};
/* End PBXSourcesBuildPhase section */

/* Begin PBXTargetDependency section */
		1AD9640F199BF5CB0077A056 /* PBXTargetDependency */ = {
			isa = PBXTargetDependency;
			target = 1AD963E4199BF5CB0077A056 /* PeekMentions */;
			targetProxy = 1AD9640E199BF5CB0077A056 /* PBXContainerItemProxy */;
		};
/* End PBXTargetDependency section */

/* Begin PBXVariantGroup section */
		1AD963F1199BF5CB0077A056 /* InfoPlist.strings */ = {
			isa = PBXVariantGroup;
			children = (
				1AD963F2199BF5CB0077A056 /* en */,
			);
			name = InfoPlist.strings;
			sourceTree = "<group>";
		};
		1AD963FA199BF5CB0077A056 /* Main.storyboard */ = {
			isa = PBXVariantGroup;
			children = (
				1AD963FB199BF5CB0077A056 /* Base */,
			);
			name = Main.storyboard;
			sourceTree = "<group>";
		};
		1AD96413199BF5CB0077A056 /* InfoPlist.strings */ = {
			isa = PBXVariantGroup;
			children = (
				1AD96414199BF5CB0077A056 /* en */,
			);
			name = InfoPlist.strings;
			sourceTree = "<group>";
		};
/* End PBXVariantGroup section */

/* Begin XCBuildConfiguration section */
		1AD96418199BF5CB0077A056 /* Debug */ = {
			isa = XCBuildConfiguration;
			buildSettings = {
				ALWAYS_SEARCH_USER_PATHS = NO;
				CLANG_CXX_LANGUAGE_STANDARD = "gnu++0x";
				CLANG_CXX_LIBRARY = "libc++";
				CLANG_ENABLE_MODULES = YES;
				CLANG_ENABLE_OBJC_ARC = YES;
				CLANG_WARN_BOOL_CONVERSION = YES;
				CLANG_WARN_CONSTANT_CONVERSION = YES;
				CLANG_WARN_DIRECT_OBJC_ISA_USAGE = YES_ERROR;
				CLANG_WARN_EMPTY_BODY = YES;
				CLANG_WARN_ENUM_CONVERSION = YES;
				CLANG_WARN_INT_CONVERSION = YES;
				CLANG_WARN_OBJC_ROOT_CLASS = YES_ERROR;
				CLANG_WARN__DUPLICATE_METHOD_MATCH = YES;
				"CODE_SIGN_IDENTITY[sdk=iphoneos*]" = "iPhone Developer";
				COPY_PHASE_STRIP = NO;
				GCC_C_LANGUAGE_STANDARD = gnu99;
				GCC_DYNAMIC_NO_PIC = NO;
				GCC_OPTIMIZATION_LEVEL = 0;
				GCC_PREPROCESSOR_DEFINITIONS = (
					"DEBUG=1",
					"$(inherited)",
				);
				GCC_SYMBOLS_PRIVATE_EXTERN = NO;
				GCC_WARN_64_TO_32_BIT_CONVERSION = YES;
				GCC_WARN_ABOUT_RETURN_TYPE = YES_ERROR;
				GCC_WARN_UNDECLARED_SELECTOR = YES;
				GCC_WARN_UNINITIALIZED_AUTOS = YES_AGGRESSIVE;
				GCC_WARN_UNUSED_FUNCTION = YES;
				GCC_WARN_UNUSED_VARIABLE = YES;
				IPHONEOS_DEPLOYMENT_TARGET = 7.1;
				ONLY_ACTIVE_ARCH = YES;
				SDKROOT = iphoneos;
			};
			name = Debug;
		};
		1AD96419199BF5CB0077A056 /* Release */ = {
			isa = XCBuildConfiguration;
			buildSettings = {
				ALWAYS_SEARCH_USER_PATHS = NO;
				CLANG_CXX_LANGUAGE_STANDARD = "gnu++0x";
				CLANG_CXX_LIBRARY = "libc++";
				CLANG_ENABLE_MODULES = YES;
				CLANG_ENABLE_OBJC_ARC = YES;
				CLANG_WARN_BOOL_CONVERSION = YES;
				CLANG_WARN_CONSTANT_CONVERSION = YES;
				CLANG_WARN_DIRECT_OBJC_ISA_USAGE = YES_ERROR;
				CLANG_WARN_EMPTY_BODY = YES;
				CLANG_WARN_ENUM_CONVERSION = YES;
				CLANG_WARN_INT_CONVERSION = YES;
				CLANG_WARN_OBJC_ROOT_CLASS = YES_ERROR;
				CLANG_WARN__DUPLICATE_METHOD_MATCH = YES;
				"CODE_SIGN_IDENTITY[sdk=iphoneos*]" = "iPhone Developer";
				COPY_PHASE_STRIP = YES;
				ENABLE_NS_ASSERTIONS = NO;
				GCC_C_LANGUAGE_STANDARD = gnu99;
				GCC_WARN_64_TO_32_BIT_CONVERSION = YES;
				GCC_WARN_ABOUT_RETURN_TYPE = YES_ERROR;
				GCC_WARN_UNDECLARED_SELECTOR = YES;
				GCC_WARN_UNINITIALIZED_AUTOS = YES_AGGRESSIVE;
				GCC_WARN_UNUSED_FUNCTION = YES;
				GCC_WARN_UNUSED_VARIABLE = YES;
				IPHONEOS_DEPLOYMENT_TARGET = 7.1;
				SDKROOT = iphoneos;
				VALIDATE_PRODUCT = YES;
			};
			name = Release;
		};
		1AD9641B199BF5CB0077A056 /* Debug */ = {
			isa = XCBuildConfiguration;
			buildSettings = {
				ASSETCATALOG_COMPILER_APPICON_NAME = AppIcon;
				ASSETCATALOG_COMPILER_LAUNCHIMAGE_NAME = LaunchImage;
				GCC_PRECOMPILE_PREFIX_HEADER = YES;
				GCC_PREFIX_HEADER = "PeekMentions/PeekMentions-Prefix.pch";
				INFOPLIST_FILE = "PeekMentions/PeekMentions-Info.plist";
				IPHONEOS_DEPLOYMENT_TARGET = 6.0;
				PRODUCT_NAME = "$(TARGET_NAME)";
				WRAPPER_EXTENSION = app;
			};
			name = Debug;
		};
		1AD9641C199BF5CB0077A056 /* Release */ = {
			isa = XCBuildConfiguration;
			buildSettings = {
				ASSETCATALOG_COMPILER_APPICON_NAME = AppIcon;
				ASSETCATALOG_COMPILER_LAUNCHIMAGE_NAME = LaunchImage;
				GCC_PRECOMPILE_PREFIX_HEADER = YES;
				GCC_PREFIX_HEADER = "PeekMentions/PeekMentions-Prefix.pch";
				INFOPLIST_FILE = "PeekMentions/PeekMentions-Info.plist";
				IPHONEOS_DEPLOYMENT_TARGET = 6.0;
				PRODUCT_NAME = "$(TARGET_NAME)";
				WRAPPER_EXTENSION = app;
			};
			name = Release;
		};
		1AD9641E199BF5CB0077A056 /* Debug */ = {
			isa = XCBuildConfiguration;
			buildSettings = {
				BUNDLE_LOADER = "$(BUILT_PRODUCTS_DIR)/PeekMentions.app/PeekMentions";
				FRAMEWORK_SEARCH_PATHS = (
					"$(SDKROOT)/Developer/Library/Frameworks",
					"$(inherited)",
					"$(DEVELOPER_FRAMEWORKS_DIR)",
				);
				GCC_PRECOMPILE_PREFIX_HEADER = YES;
				GCC_PREFIX_HEADER = "PeekMentions/PeekMentions-Prefix.pch";
				GCC_PREPROCESSOR_DEFINITIONS = (
					"DEBUG=1",
					"$(inherited)",
				);
				INFOPLIST_FILE = "PeekMentionsTests/PeekMentionsTests-Info.plist";
				PRODUCT_NAME = "$(TARGET_NAME)";
				TEST_HOST = "$(BUNDLE_LOADER)";
				WRAPPER_EXTENSION = xctest;
			};
			name = Debug;
		};
		1AD9641F199BF5CB0077A056 /* Release */ = {
			isa = XCBuildConfiguration;
			buildSettings = {
				BUNDLE_LOADER = "$(BUILT_PRODUCTS_DIR)/PeekMentions.app/PeekMentions";
				FRAMEWORK_SEARCH_PATHS = (
					"$(SDKROOT)/Developer/Library/Frameworks",
					"$(inherited)",
					"$(DEVELOPER_FRAMEWORKS_DIR)",
				);
				GCC_PRECOMPILE_PREFIX_HEADER = YES;
				GCC_PREFIX_HEADER = "PeekMentions/PeekMentions-Prefix.pch";
				INFOPLIST_FILE = "PeekMentionsTests/PeekMentionsTests-Info.plist";
				PRODUCT_NAME = "$(TARGET_NAME)";
				TEST_HOST = "$(BUNDLE_LOADER)";
				WRAPPER_EXTENSION = xctest;
			};
			name = Release;
		};
/* End XCBuildConfiguration section */

/* Begin XCConfigurationList section */
		1AD963E0199BF5CB0077A056 /* Build configuration list for PBXProject "PeekMentions" */ = {
			isa = XCConfigurationList;
			buildConfigurations = (
				1AD96418199BF5CB0077A056 /* Debug */,
				1AD96419199BF5CB0077A056 /* Release */,
			);
			defaultConfigurationIsVisible = 0;
			defaultConfigurationName = Release;
		};
		1AD9641A199BF5CB0077A056 /* Build configuration list for PBXNativeTarget "PeekMentions" */ = {
			isa = XCConfigurationList;
			buildConfigurations = (
				1AD9641B199BF5CB0077A056 /* Debug */,
				1AD9641C199BF5CB0077A056 /* Release */,
			);
			defaultConfigurationIsVisible = 0;
			defaultConfigurationName = Release;
		};
		1AD9641D199BF5CB0077A056 /* Build configuration list for PBXNativeTarget "PeekMentionsTests" */ = {
			isa = XCConfigurationList;
			buildConfigurations = (
				1AD9641E199BF5CB0077A056 /* Debug */,
				1AD9641F199BF5CB0077A056 /* Release */,
			);
			defaultConfigurationIsVisible = 0;
			defaultConfigurationName = Release;
		};
/* End XCConfigurationList section */
	};
	rootObject = 1AD963DD199BF5CB0077A056 /* Project object */;
}
